// !$*UTF8*$!
{
	archiveVersion = 1;
	classes = {
	};
	objectVersion = 55;
	objects = {

/* Begin PBXBuildFile section */
		4C05401127566A2E00498E86 /* ALProgressView in Frameworks */ = {isa = PBXBuildFile; productRef = 4C05401027566A2E00498E86 /* ALProgressView */; };
		4C05401327566A6900498E86 /* alxrguz:ALProgressView.txt in Resources */ = {isa = PBXBuildFile; fileRef = 4C05401227566A6900498E86 /* alxrguz:ALProgressView.txt */; };
		4C18736827552D870059968B /* OpensourceTableViewCell.swift in Sources */ = {isa = PBXBuildFile; fileRef = 4C18736727552D870059968B /* OpensourceTableViewCell.swift */; };
		4C18736C27553B450059968B /* LicenseViewController.swift in Sources */ = {isa = PBXBuildFile; fileRef = 4C18736B27553B450059968B /* LicenseViewController.swift */; };
		4C18737127553CF40059968B /* Alamofire.txt in Resources */ = {isa = PBXBuildFile; fileRef = 4C18737027553CF40059968B /* Alamofire.txt */; };
		4C18737327553CFB0059968B /* Font:Cafe24Oneprettynight.txt in Resources */ = {isa = PBXBuildFile; fileRef = 4C18737227553CFB0059968B /* Font:Cafe24Oneprettynight.txt */; };
		4C18737527553D030059968B /* hackiftekhar:IQKeyboardManager.txt in Resources */ = {isa = PBXBuildFile; fileRef = 4C18737427553D030059968B /* hackiftekhar:IQKeyboardManager.txt */; };
		4C18737727553D100059968B /* jonkykong:SideMenu.txt in Resources */ = {isa = PBXBuildFile; fileRef = 4C18737627553D100059968B /* jonkykong:SideMenu.txt */; };
		4C18737927553D150059968B /* kciter:Floaty.txt in Resources */ = {isa = PBXBuildFile; fileRef = 4C18737827553D150059968B /* kciter:Floaty.txt */; };
		4C18737B27553D1B0059968B /* Realm.txt in Resources */ = {isa = PBXBuildFile; fileRef = 4C18737A27553D1B0059968B /* Realm.txt */; };
		4C18737D27553D200059968B /* SwiftyJson.txt in Resources */ = {isa = PBXBuildFile; fileRef = 4C18737C27553D200059968B /* SwiftyJson.txt */; };
		4C238481274A7F4F007314BF /* UIButton + Extension.swift in Sources */ = {isa = PBXBuildFile; fileRef = 4C238480274A7F4F007314BF /* UIButton + Extension.swift */; };
		4C2E5885276114B100817D50 /* CalendarViewController.swift in Sources */ = {isa = PBXBuildFile; fileRef = 4C2E5884276114B100817D50 /* CalendarViewController.swift */; };
		4C3276432747E13500C0456D /* Cafe24Oneprettynight.ttf in Resources */ = {isa = PBXBuildFile; fileRef = 4C3276422747E13500C0456D /* Cafe24Oneprettynight.ttf */; };
		4C3276462747F9FF00C0456D /* SideMenu in Frameworks */ = {isa = PBXBuildFile; productRef = 4C3276452747F9FF00C0456D /* SideMenu */; };
		4C3276482747FA6D00C0456D /* SideMenuNavigationViewController.swift in Sources */ = {isa = PBXBuildFile; fileRef = 4C3276472747FA6D00C0456D /* SideMenuNavigationViewController.swift */; };
		4C32764A2747FD5C00C0456D /* CustomSideMenuNavigation.swift in Sources */ = {isa = PBXBuildFile; fileRef = 4C3276492747FD5C00C0456D /* CustomSideMenuNavigation.swift */; };
		4C32764C27481CFD00C0456D /* WordModel.swift in Sources */ = {isa = PBXBuildFile; fileRef = 4C32764B27481CFD00C0456D /* WordModel.swift */; };
		4C3975E42761DCB900078656 /* FSCalendar in Frameworks */ = {isa = PBXBuildFile; productRef = 4C3975E32761DCB900078656 /* FSCalendar */; };
		4C3975E627625BAF00078656 /* CalendarTableViewCell.swift in Sources */ = {isa = PBXBuildFile; fileRef = 4C3975E527625BAF00078656 /* CalendarTableViewCell.swift */; };
		4C3975E8276268DB00078656 /* Date + Extension.swift in Sources */ = {isa = PBXBuildFile; fileRef = 4C3975E7276268DB00078656 /* Date + Extension.swift */; };
		4C3975EA27627CAF00078656 /* WenchaoD:FSCalendar.txt in Resources */ = {isa = PBXBuildFile; fileRef = 4C3975E927627CAF00078656 /* WenchaoD:FSCalendar.txt */; };
		4C3AD73F274A09EF00EFC636 /* StatisticsViewController.swift in Sources */ = {isa = PBXBuildFile; fileRef = 4C3AD73E274A09EF00EFC636 /* StatisticsViewController.swift */; };
		4C3AD741274A0A0700EFC636 /* SettingViewController.swift in Sources */ = {isa = PBXBuildFile; fileRef = 4C3AD740274A0A0700EFC636 /* SettingViewController.swift */; };
		4C3AD743274A0A3200EFC636 /* OpenSourceViewController.swift in Sources */ = {isa = PBXBuildFile; fileRef = 4C3AD742274A0A3200EFC636 /* OpenSourceViewController.swift */; };
		4C3AD745274A2F9800EFC636 /* WordScreen.storyboard in Resources */ = {isa = PBXBuildFile; fileRef = 4C3AD744274A2F9800EFC636 /* WordScreen.storyboard */; };
		4C3AD74C274A363F00EFC636 /* BasicViewController.swift in Sources */ = {isa = PBXBuildFile; fileRef = 4C3AD74B274A363F00EFC636 /* BasicViewController.swift */; };
		4C3AD74E274A364B00EFC636 /* ContentViewController.swift in Sources */ = {isa = PBXBuildFile; fileRef = 4C3AD74D274A364B00EFC636 /* ContentViewController.swift */; };
		4C3AD752274A36D100EFC636 /* PageViewController.swift in Sources */ = {isa = PBXBuildFile; fileRef = 4C3AD751274A36D100EFC636 /* PageViewController.swift */; };
		4C3AD755274A575400EFC636 /* Realm in Frameworks */ = {isa = PBXBuildFile; productRef = 4C3AD754274A575400EFC636 /* Realm */; };
		4C3AD757274A575400EFC636 /* RealmSwift in Frameworks */ = {isa = PBXBuildFile; productRef = 4C3AD756274A575400EFC636 /* RealmSwift */; };
		4C3AD759274A5C4E00EFC636 /* ContactViewController.swift in Sources */ = {isa = PBXBuildFile; fileRef = 4C3AD758274A5C4E00EFC636 /* ContactViewController.swift */; };
		4C3AD75B274A70B700EFC636 /* Walkthrough.storyboard in Resources */ = {isa = PBXBuildFile; fileRef = 4C3AD75A274A70B700EFC636 /* Walkthrough.storyboard */; };
		4C3AD75D274A70D700EFC636 /* FirstLoginViewController.swift in Sources */ = {isa = PBXBuildFile; fileRef = 4C3AD75C274A70D700EFC636 /* FirstLoginViewController.swift */; };
		4C489A3227526EF200932983 /* ShareContent.swift in Sources */ = {isa = PBXBuildFile; fileRef = 4C489A3127526EF200932983 /* ShareContent.swift */; };
		4C489A34275271EA00932983 /* UIViewController + Extension.swift in Sources */ = {isa = PBXBuildFile; fileRef = 4C489A33275271EA00932983 /* UIViewController + Extension.swift */; };
		4C489A36275280F600932983 /* TextField + Extension.swift in Sources */ = {isa = PBXBuildFile; fileRef = 4C489A35275280F600932983 /* TextField + Extension.swift */; };
		4C489A3827528D0400932983 /* ShareMain.swift in Sources */ = {isa = PBXBuildFile; fileRef = 4C489A3727528D0400932983 /* ShareMain.swift */; };
		4C489A3A275369A900932983 /* SharePage.swift in Sources */ = {isa = PBXBuildFile; fileRef = 4C489A39275369A900932983 /* SharePage.swift */; };
		4C489A3D2753B95700932983 /* IQKeyboardManagerSwift in Frameworks */ = {isa = PBXBuildFile; productRef = 4C489A3C2753B95700932983 /* IQKeyboardManagerSwift */; };
		4C596D02274BDA1900E2DE59 /* DefineTableViewCell.swift in Sources */ = {isa = PBXBuildFile; fileRef = 4C596D01274BDA1900E2DE59 /* DefineTableViewCell.swift */; };
		4C6086D8274E031200FCD3E4 /* JJFloatingActionButton in Frameworks */ = {isa = PBXBuildFile; productRef = 4C6086D7274E031200FCD3E4 /* JJFloatingActionButton */; };
		4C6086E1274FD89900FCD3E4 /* UIView + Extension.swift in Sources */ = {isa = PBXBuildFile; fileRef = 4C6086E0274FD89900FCD3E4 /* UIView + Extension.swift */; };
		4C6086E3274FE1E200FCD3E4 /* ContentViewController + Extension.swift in Sources */ = {isa = PBXBuildFile; fileRef = 4C6086E2274FE1E200FCD3E4 /* ContentViewController + Extension.swift */; };
		4C625448274FF8970056D30F /* CALayer + Extension.swift in Sources */ = {isa = PBXBuildFile; fileRef = 4C625447274FF8970056D30F /* CALayer + Extension.swift */; };
		4C758A9A2746AA9E00B9F7AC /* AppDelegate.swift in Sources */ = {isa = PBXBuildFile; fileRef = 4C758A992746AA9E00B9F7AC /* AppDelegate.swift */; };
		4C758A9C2746AA9E00B9F7AC /* SceneDelegate.swift in Sources */ = {isa = PBXBuildFile; fileRef = 4C758A9B2746AA9E00B9F7AC /* SceneDelegate.swift */; };
		4C758A9E2746AA9E00B9F7AC /* MainViewController.swift in Sources */ = {isa = PBXBuildFile; fileRef = 4C758A9D2746AA9E00B9F7AC /* MainViewController.swift */; };
		4C758AA12746AA9E00B9F7AC /* Main.storyboard in Resources */ = {isa = PBXBuildFile; fileRef = 4C758A9F2746AA9E00B9F7AC /* Main.storyboard */; };
		4C758AA32746AA9F00B9F7AC /* Assets.xcassets in Resources */ = {isa = PBXBuildFile; fileRef = 4C758AA22746AA9F00B9F7AC /* Assets.xcassets */; };
		4C758AA62746AA9F00B9F7AC /* LaunchScreen.storyboard in Resources */ = {isa = PBXBuildFile; fileRef = 4C758AA42746AA9F00B9F7AC /* LaunchScreen.storyboard */; };
		4C80A80427DE23AE0056EC71 /* NotiWordModel.swift in Sources */ = {isa = PBXBuildFile; fileRef = 4C80A80327DE23AE0056EC71 /* NotiWordModel.swift */; };
		4C811C24274CD48C00F51493 /* WordViewController + Extension.swift in Sources */ = {isa = PBXBuildFile; fileRef = 4C811C23274CD48C00F51493 /* WordViewController + Extension.swift */; };
		4C811C26274CE07100F51493 /* String + Extenstion.swift in Sources */ = {isa = PBXBuildFile; fileRef = 4C811C25274CE07100F51493 /* String + Extenstion.swift */; };
		4C811C28274D29BF00F51493 /* MainViewController + Extension.swift in Sources */ = {isa = PBXBuildFile; fileRef = 4C811C27274D29BF00F51493 /* MainViewController + Extension.swift */; };
		4C811C2A274D2B2800F51493 /* MainTableViewCell.swift in Sources */ = {isa = PBXBuildFile; fileRef = 4C811C29274D2B2800F51493 /* MainTableViewCell.swift */; };
		4C811C2C274D3F3800F51493 /* DefineWordModel.swift in Sources */ = {isa = PBXBuildFile; fileRef = 4C811C2B274D3F3800F51493 /* DefineWordModel.swift */; };
		4C9EBF6A274BC61100B922F7 /* WordViewController.swift in Sources */ = {isa = PBXBuildFile; fileRef = 4C9EBF69274BC61100B922F7 /* WordViewController.swift */; };
		4C9EBF6D274BCE7000B922F7 /* Alamofire in Frameworks */ = {isa = PBXBuildFile; productRef = 4C9EBF6C274BCE7000B922F7 /* Alamofire */; };
		4C9EBF70274BCE8D00B922F7 /* SwiftyJSON in Frameworks */ = {isa = PBXBuildFile; productRef = 4C9EBF6F274BCE8D00B922F7 /* SwiftyJSON */; };
		4CA51BD62757418D001B1525 /* Storage.swift in Sources */ = {isa = PBXBuildFile; fileRef = 4CA51BD52757418D001B1525 /* Storage.swift */; };
		4CDF67A327DEE88F006ED93C /* IndicatorView.swift in Sources */ = {isa = PBXBuildFile; fileRef = 4CDF67A227DEE88F006ED93C /* IndicatorView.swift */; };
		4CDF67A627DEE9FD006ED93C /* SnapKit in Frameworks */ = {isa = PBXBuildFile; productRef = 4CDF67A527DEE9FD006ED93C /* SnapKit */; };
/* End PBXBuildFile section */

/* Begin PBXCopyFilesBuildPhase section */
		4C05400E2756155700498E86 /* Embed Frameworks */ = {
			isa = PBXCopyFilesBuildPhase;
			buildActionMask = 2147483647;
			dstPath = "";
			dstSubfolderSpec = 10;
			files = (
			);
			name = "Embed Frameworks";
			runOnlyForDeploymentPostprocessing = 0;
		};
/* End PBXCopyFilesBuildPhase section */

/* Begin PBXFileReference section */
		4C05401227566A6900498E86 /* alxrguz:ALProgressView.txt */ = {isa = PBXFileReference; fileEncoding = 4; lastKnownFileType = text; path = "alxrguz:ALProgressView.txt"; sourceTree = "<group>"; };
		4C18736727552D870059968B /* OpensourceTableViewCell.swift */ = {isa = PBXFileReference; lastKnownFileType = sourcecode.swift; path = OpensourceTableViewCell.swift; sourceTree = "<group>"; };
		4C18736B27553B450059968B /* LicenseViewController.swift */ = {isa = PBXFileReference; lastKnownFileType = sourcecode.swift; path = LicenseViewController.swift; sourceTree = "<group>"; };
		4C18737027553CF40059968B /* Alamofire.txt */ = {isa = PBXFileReference; fileEncoding = 4; lastKnownFileType = text; path = Alamofire.txt; sourceTree = "<group>"; };
		4C18737227553CFB0059968B /* Font:Cafe24Oneprettynight.txt */ = {isa = PBXFileReference; fileEncoding = 4; lastKnownFileType = text; path = "Font:Cafe24Oneprettynight.txt"; sourceTree = "<group>"; };
		4C18737427553D030059968B /* hackiftekhar:IQKeyboardManager.txt */ = {isa = PBXFileReference; fileEncoding = 4; lastKnownFileType = text; path = "hackiftekhar:IQKeyboardManager.txt"; sourceTree = "<group>"; };
		4C18737627553D100059968B /* jonkykong:SideMenu.txt */ = {isa = PBXFileReference; fileEncoding = 4; lastKnownFileType = text; path = "jonkykong:SideMenu.txt"; sourceTree = "<group>"; };
		4C18737827553D150059968B /* kciter:Floaty.txt */ = {isa = PBXFileReference; fileEncoding = 4; lastKnownFileType = text; path = "kciter:Floaty.txt"; sourceTree = "<group>"; };
		4C18737A27553D1B0059968B /* Realm.txt */ = {isa = PBXFileReference; fileEncoding = 4; lastKnownFileType = text; path = Realm.txt; sourceTree = "<group>"; };
		4C18737C27553D200059968B /* SwiftyJson.txt */ = {isa = PBXFileReference; fileEncoding = 4; lastKnownFileType = text; path = SwiftyJson.txt; sourceTree = "<group>"; };
		4C238480274A7F4F007314BF /* UIButton + Extension.swift */ = {isa = PBXFileReference; lastKnownFileType = sourcecode.swift; path = "UIButton + Extension.swift"; sourceTree = "<group>"; };
		4C2E5884276114B100817D50 /* CalendarViewController.swift */ = {isa = PBXFileReference; lastKnownFileType = sourcecode.swift; path = CalendarViewController.swift; sourceTree = "<group>"; };
		4C3276422747E13500C0456D /* Cafe24Oneprettynight.ttf */ = {isa = PBXFileReference; lastKnownFileType = file; path = Cafe24Oneprettynight.ttf; sourceTree = "<group>"; };
		4C3276472747FA6D00C0456D /* SideMenuNavigationViewController.swift */ = {isa = PBXFileReference; lastKnownFileType = sourcecode.swift; path = SideMenuNavigationViewController.swift; sourceTree = "<group>"; };
		4C3276492747FD5C00C0456D /* CustomSideMenuNavigation.swift */ = {isa = PBXFileReference; lastKnownFileType = sourcecode.swift; path = CustomSideMenuNavigation.swift; sourceTree = "<group>"; };
		4C32764B27481CFD00C0456D /* WordModel.swift */ = {isa = PBXFileReference; lastKnownFileType = sourcecode.swift; path = WordModel.swift; sourceTree = "<group>"; };
		4C3975E527625BAF00078656 /* CalendarTableViewCell.swift */ = {isa = PBXFileReference; lastKnownFileType = sourcecode.swift; path = CalendarTableViewCell.swift; sourceTree = "<group>"; };
		4C3975E7276268DB00078656 /* Date + Extension.swift */ = {isa = PBXFileReference; lastKnownFileType = sourcecode.swift; path = "Date + Extension.swift"; sourceTree = "<group>"; };
		4C3975E927627CAF00078656 /* WenchaoD:FSCalendar.txt */ = {isa = PBXFileReference; fileEncoding = 4; lastKnownFileType = text; path = "WenchaoD:FSCalendar.txt"; sourceTree = "<group>"; };
		4C3AD73E274A09EF00EFC636 /* StatisticsViewController.swift */ = {isa = PBXFileReference; lastKnownFileType = sourcecode.swift; path = StatisticsViewController.swift; sourceTree = "<group>"; };
		4C3AD740274A0A0700EFC636 /* SettingViewController.swift */ = {isa = PBXFileReference; lastKnownFileType = sourcecode.swift; path = SettingViewController.swift; sourceTree = "<group>"; };
		4C3AD742274A0A3200EFC636 /* OpenSourceViewController.swift */ = {isa = PBXFileReference; lastKnownFileType = sourcecode.swift; path = OpenSourceViewController.swift; sourceTree = "<group>"; };
		4C3AD744274A2F9800EFC636 /* WordScreen.storyboard */ = {isa = PBXFileReference; lastKnownFileType = file.storyboard; path = WordScreen.storyboard; sourceTree = "<group>"; };
		4C3AD74B274A363F00EFC636 /* BasicViewController.swift */ = {isa = PBXFileReference; lastKnownFileType = sourcecode.swift; path = BasicViewController.swift; sourceTree = "<group>"; };
		4C3AD74D274A364B00EFC636 /* ContentViewController.swift */ = {isa = PBXFileReference; lastKnownFileType = sourcecode.swift; path = ContentViewController.swift; sourceTree = "<group>"; };
		4C3AD751274A36D100EFC636 /* PageViewController.swift */ = {isa = PBXFileReference; lastKnownFileType = sourcecode.swift; path = PageViewController.swift; sourceTree = "<group>"; };
		4C3AD758274A5C4E00EFC636 /* ContactViewController.swift */ = {isa = PBXFileReference; lastKnownFileType = sourcecode.swift; path = ContactViewController.swift; sourceTree = "<group>"; };
		4C3AD75A274A70B700EFC636 /* Walkthrough.storyboard */ = {isa = PBXFileReference; lastKnownFileType = file.storyboard; path = Walkthrough.storyboard; sourceTree = "<group>"; };
		4C3AD75C274A70D700EFC636 /* FirstLoginViewController.swift */ = {isa = PBXFileReference; lastKnownFileType = sourcecode.swift; path = FirstLoginViewController.swift; sourceTree = "<group>"; };
		4C489A3127526EF200932983 /* ShareContent.swift */ = {isa = PBXFileReference; lastKnownFileType = sourcecode.swift; path = ShareContent.swift; sourceTree = "<group>"; };
		4C489A33275271EA00932983 /* UIViewController + Extension.swift */ = {isa = PBXFileReference; lastKnownFileType = sourcecode.swift; path = "UIViewController + Extension.swift"; sourceTree = "<group>"; };
		4C489A35275280F600932983 /* TextField + Extension.swift */ = {isa = PBXFileReference; lastKnownFileType = sourcecode.swift; path = "TextField + Extension.swift"; sourceTree = "<group>"; };
		4C489A3727528D0400932983 /* ShareMain.swift */ = {isa = PBXFileReference; lastKnownFileType = sourcecode.swift; path = ShareMain.swift; sourceTree = "<group>"; };
		4C489A39275369A900932983 /* SharePage.swift */ = {isa = PBXFileReference; lastKnownFileType = sourcecode.swift; path = SharePage.swift; sourceTree = "<group>"; };
		4C596D01274BDA1900E2DE59 /* DefineTableViewCell.swift */ = {isa = PBXFileReference; lastKnownFileType = sourcecode.swift; path = DefineTableViewCell.swift; sourceTree = "<group>"; };
		4C6086E0274FD89900FCD3E4 /* UIView + Extension.swift */ = {isa = PBXFileReference; lastKnownFileType = sourcecode.swift; path = "UIView + Extension.swift"; sourceTree = "<group>"; };
		4C6086E2274FE1E200FCD3E4 /* ContentViewController + Extension.swift */ = {isa = PBXFileReference; lastKnownFileType = sourcecode.swift; path = "ContentViewController + Extension.swift"; sourceTree = "<group>"; };
		4C625447274FF8970056D30F /* CALayer + Extension.swift */ = {isa = PBXFileReference; lastKnownFileType = sourcecode.swift; path = "CALayer + Extension.swift"; sourceTree = "<group>"; };
		4C758A962746AA9E00B9F7AC /* usket_TID.app */ = {isa = PBXFileReference; explicitFileType = wrapper.application; includeInIndex = 0; path = usket_TID.app; sourceTree = BUILT_PRODUCTS_DIR; };
		4C758A992746AA9E00B9F7AC /* AppDelegate.swift */ = {isa = PBXFileReference; lastKnownFileType = sourcecode.swift; path = AppDelegate.swift; sourceTree = "<group>"; };
		4C758A9B2746AA9E00B9F7AC /* SceneDelegate.swift */ = {isa = PBXFileReference; lastKnownFileType = sourcecode.swift; path = SceneDelegate.swift; sourceTree = "<group>"; };
		4C758A9D2746AA9E00B9F7AC /* MainViewController.swift */ = {isa = PBXFileReference; lastKnownFileType = sourcecode.swift; path = MainViewController.swift; sourceTree = "<group>"; };
		4C758AA02746AA9E00B9F7AC /* Base */ = {isa = PBXFileReference; lastKnownFileType = file.storyboard; name = Base; path = Base.lproj/Main.storyboard; sourceTree = "<group>"; };
		4C758AA22746AA9F00B9F7AC /* Assets.xcassets */ = {isa = PBXFileReference; lastKnownFileType = folder.assetcatalog; path = Assets.xcassets; sourceTree = "<group>"; };
		4C758AA52746AA9F00B9F7AC /* Base */ = {isa = PBXFileReference; lastKnownFileType = file.storyboard; name = Base; path = Base.lproj/LaunchScreen.storyboard; sourceTree = "<group>"; };
		4C758AA72746AA9F00B9F7AC /* Info.plist */ = {isa = PBXFileReference; lastKnownFileType = text.plist.xml; path = Info.plist; sourceTree = "<group>"; };
		4C80A80327DE23AE0056EC71 /* NotiWordModel.swift */ = {isa = PBXFileReference; lastKnownFileType = sourcecode.swift; path = NotiWordModel.swift; sourceTree = "<group>"; };
		4C811C23274CD48C00F51493 /* WordViewController + Extension.swift */ = {isa = PBXFileReference; lastKnownFileType = sourcecode.swift; path = "WordViewController + Extension.swift"; sourceTree = "<group>"; };
		4C811C25274CE07100F51493 /* String + Extenstion.swift */ = {isa = PBXFileReference; lastKnownFileType = sourcecode.swift; path = "String + Extenstion.swift"; sourceTree = "<group>"; };
		4C811C27274D29BF00F51493 /* MainViewController + Extension.swift */ = {isa = PBXFileReference; lastKnownFileType = sourcecode.swift; path = "MainViewController + Extension.swift"; sourceTree = "<group>"; };
		4C811C29274D2B2800F51493 /* MainTableViewCell.swift */ = {isa = PBXFileReference; lastKnownFileType = sourcecode.swift; path = MainTableViewCell.swift; sourceTree = "<group>"; };
		4C811C2B274D3F3800F51493 /* DefineWordModel.swift */ = {isa = PBXFileReference; lastKnownFileType = sourcecode.swift; path = DefineWordModel.swift; sourceTree = "<group>"; };
		4C9EBF69274BC61100B922F7 /* WordViewController.swift */ = {isa = PBXFileReference; lastKnownFileType = sourcecode.swift; path = WordViewController.swift; sourceTree = "<group>"; };
		4CA51BD52757418D001B1525 /* Storage.swift */ = {isa = PBXFileReference; lastKnownFileType = sourcecode.swift; path = Storage.swift; sourceTree = "<group>"; };
		4CDF67A227DEE88F006ED93C /* IndicatorView.swift */ = {isa = PBXFileReference; lastKnownFileType = sourcecode.swift; path = IndicatorView.swift; sourceTree = "<group>"; };
/* End PBXFileReference section */

/* Begin PBXFrameworksBuildPhase section */
		4C758A932746AA9E00B9F7AC /* Frameworks */ = {
			isa = PBXFrameworksBuildPhase;
			buildActionMask = 2147483647;
			files = (
				4C489A3D2753B95700932983 /* IQKeyboardManagerSwift in Frameworks */,
				4C3AD757274A575400EFC636 /* RealmSwift in Frameworks */,
				4C9EBF6D274BCE7000B922F7 /* Alamofire in Frameworks */,
				4C05401127566A2E00498E86 /* ALProgressView in Frameworks */,
				4C3975E42761DCB900078656 /* FSCalendar in Frameworks */,
				4C6086D8274E031200FCD3E4 /* JJFloatingActionButton in Frameworks */,
				4C3AD755274A575400EFC636 /* Realm in Frameworks */,
				4C9EBF70274BCE8D00B922F7 /* SwiftyJSON in Frameworks */,
				4C3276462747F9FF00C0456D /* SideMenu in Frameworks */,
				4CDF67A627DEE9FD006ED93C /* SnapKit in Frameworks */,
			);
			runOnlyForDeploymentPostprocessing = 0;
		};
/* End PBXFrameworksBuildPhase section */

/* Begin PBXGroup section */
		4C18736D27553CAD0059968B /* License */ = {
			isa = PBXGroup;
			children = (
				4C05401227566A6900498E86 /* alxrguz:ALProgressView.txt */,
				4C18737C27553D200059968B /* SwiftyJson.txt */,
				4C18737A27553D1B0059968B /* Realm.txt */,
				4C18737827553D150059968B /* kciter:Floaty.txt */,
				4C18737627553D100059968B /* jonkykong:SideMenu.txt */,
				4C18737427553D030059968B /* hackiftekhar:IQKeyboardManager.txt */,
				4C18737227553CFB0059968B /* Font:Cafe24Oneprettynight.txt */,
				4C18737027553CF40059968B /* Alamofire.txt */,
				4C3975E927627CAF00078656 /* WenchaoD:FSCalendar.txt */,
			);
			path = License;
			sourceTree = "<group>";
		};
		4C23847F274A7F26007314BF /* Extension */ = {
			isa = PBXGroup;
			children = (
				4C811C27274D29BF00F51493 /* MainViewController + Extension.swift */,
				4C811C23274CD48C00F51493 /* WordViewController + Extension.swift */,
				4C6086E2274FE1E200FCD3E4 /* ContentViewController + Extension.swift */,
				4C238480274A7F4F007314BF /* UIButton + Extension.swift */,
				4C811C25274CE07100F51493 /* String + Extenstion.swift */,
				4C6086E0274FD89900FCD3E4 /* UIView + Extension.swift */,
				4C625447274FF8970056D30F /* CALayer + Extension.swift */,
				4C489A33275271EA00932983 /* UIViewController + Extension.swift */,
				4C489A35275280F600932983 /* TextField + Extension.swift */,
				4C3975E7276268DB00078656 /* Date + Extension.swift */,
			);
			path = Extension;
			sourceTree = "<group>";
		};
		4C32763B2747978300C0456D /* Model */ = {
			isa = PBXGroup;
			children = (
				4CA51BD52757418D001B1525 /* Storage.swift */,
				4C32764B27481CFD00C0456D /* WordModel.swift */,
				4C811C2B274D3F3800F51493 /* DefineWordModel.swift */,
				4C80A80327DE23AE0056EC71 /* NotiWordModel.swift */,
			);
			path = Model;
			sourceTree = "<group>";
		};
		4C32763C2747978E00C0456D /* View */ = {
			isa = PBXGroup;
			children = (
				4CDF67A127DEE87D006ED93C /* Reusable */,
				4C596CFF274BD9BC00E2DE59 /* Storyboard */,
				4C596D00274BD9D500E2DE59 /* Cells */,
				4C32763D274797A300C0456D /* Controller */,
			);
			path = View;
			sourceTree = "<group>";
		};
		4C32763D274797A300C0456D /* Controller */ = {
			isa = PBXGroup;
			children = (
				4C3AD748274A35B500EFC636 /* MainController */,
				4C3AD749274A35C300EFC636 /* MenuController */,
				4C3AD74A274A35DF00EFC636 /* AddController */,
				4C9EBF68274BC5E500B922F7 /* WordController */,
			);
			path = Controller;
			sourceTree = "<group>";
		};
		4C32763E2747D9A400C0456D /* Resource */ = {
			isa = PBXGroup;
			children = (
				4C758AA22746AA9F00B9F7AC /* Assets.xcassets */,
				4C758A992746AA9E00B9F7AC /* AppDelegate.swift */,
				4C758A9B2746AA9E00B9F7AC /* SceneDelegate.swift */,
				4C18736D27553CAD0059968B /* License */,
				4C32763F2747D9BC00C0456D /* Font */,
			);
			path = Resource;
			sourceTree = "<group>";
		};
		4C32763F2747D9BC00C0456D /* Font */ = {
			isa = PBXGroup;
			children = (
				4C3276422747E13500C0456D /* Cafe24Oneprettynight.ttf */,
			);
			path = Font;
			sourceTree = "<group>";
		};
		4C3AD748274A35B500EFC636 /* MainController */ = {
			isa = PBXGroup;
			children = (
				4C758A9D2746AA9E00B9F7AC /* MainViewController.swift */,
				4C2E5884276114B100817D50 /* CalendarViewController.swift */,
				4C3AD75C274A70D700EFC636 /* FirstLoginViewController.swift */,
			);
			path = MainController;
			sourceTree = "<group>";
		};
		4C3AD749274A35C300EFC636 /* MenuController */ = {
			isa = PBXGroup;
			children = (
				4C3276472747FA6D00C0456D /* SideMenuNavigationViewController.swift */,
				4C3276492747FD5C00C0456D /* CustomSideMenuNavigation.swift */,
				4C3AD73E274A09EF00EFC636 /* StatisticsViewController.swift */,
				4C3AD740274A0A0700EFC636 /* SettingViewController.swift */,
				4C3AD742274A0A3200EFC636 /* OpenSourceViewController.swift */,
				4C3AD758274A5C4E00EFC636 /* ContactViewController.swift */,
				4C18736B27553B450059968B /* LicenseViewController.swift */,
			);
			path = MenuController;
			sourceTree = "<group>";
		};
		4C3AD74A274A35DF00EFC636 /* AddController */ = {
			isa = PBXGroup;
			children = (
				4C3AD751274A36D100EFC636 /* PageViewController.swift */,
				4C3AD74B274A363F00EFC636 /* BasicViewController.swift */,
				4C3AD74D274A364B00EFC636 /* ContentViewController.swift */,
			);
			path = AddController;
			sourceTree = "<group>";
		};
		4C596CFF274BD9BC00E2DE59 /* Storyboard */ = {
			isa = PBXGroup;
			children = (
				4C758A9F2746AA9E00B9F7AC /* Main.storyboard */,
				4C758AA42746AA9F00B9F7AC /* LaunchScreen.storyboard */,
				4C3AD75A274A70B700EFC636 /* Walkthrough.storyboard */,
				4C3AD744274A2F9800EFC636 /* WordScreen.storyboard */,
			);
			path = Storyboard;
			sourceTree = "<group>";
		};
		4C596D00274BD9D500E2DE59 /* Cells */ = {
			isa = PBXGroup;
			children = (
				4C811C29274D2B2800F51493 /* MainTableViewCell.swift */,
				4C596D01274BDA1900E2DE59 /* DefineTableViewCell.swift */,
				4C18736727552D870059968B /* OpensourceTableViewCell.swift */,
				4C3975E527625BAF00078656 /* CalendarTableViewCell.swift */,
			);
			path = Cells;
			sourceTree = "<group>";
		};
		4C758A8D2746AA9E00B9F7AC = {
			isa = PBXGroup;
			children = (
				4C758A982746AA9E00B9F7AC /* usket_TID */,
				4C758A972746AA9E00B9F7AC /* Products */,
			);
			sourceTree = "<group>";
		};
		4C758A972746AA9E00B9F7AC /* Products */ = {
			isa = PBXGroup;
			children = (
				4C758A962746AA9E00B9F7AC /* usket_TID.app */,
			);
			name = Products;
			sourceTree = "<group>";
		};
		4C758A982746AA9E00B9F7AC /* usket_TID */ = {
			isa = PBXGroup;
			children = (
				4C32763E2747D9A400C0456D /* Resource */,
				4C32763B2747978300C0456D /* Model */,
				4C32763C2747978E00C0456D /* View */,
				4C80A7FF27DE16240056EC71 /* Utils */,
				4C758AA72746AA9F00B9F7AC /* Info.plist */,
			);
			path = usket_TID;
			sourceTree = "<group>";
		};
		4C80A7FF27DE16240056EC71 /* Utils */ = {
			isa = PBXGroup;
			children = (
				4C80A80027DE16320056EC71 /* Protocols */,
				4C23847F274A7F26007314BF /* Extension */,
			);
			path = Utils;
			sourceTree = "<group>";
		};
		4C80A80027DE16320056EC71 /* Protocols */ = {
			isa = PBXGroup;
			children = (
				4C489A3727528D0400932983 /* ShareMain.swift */,
				4C489A39275369A900932983 /* SharePage.swift */,
				4C489A3127526EF200932983 /* ShareContent.swift */,
			);
			path = Protocols;
			sourceTree = "<group>";
		};
		4C9EBF68274BC5E500B922F7 /* WordController */ = {
			isa = PBXGroup;
			children = (
				4C9EBF69274BC61100B922F7 /* WordViewController.swift */,
			);
			path = WordController;
			sourceTree = "<group>";
		};
		4CDF67A127DEE87D006ED93C /* Reusable */ = {
			isa = PBXGroup;
			children = (
				4CDF67A227DEE88F006ED93C /* IndicatorView.swift */,
			);
			path = Reusable;
			sourceTree = "<group>";
		};
/* End PBXGroup section */

/* Begin PBXNativeTarget section */
		4C758A952746AA9E00B9F7AC /* usket_TID */ = {
			isa = PBXNativeTarget;
			buildConfigurationList = 4C758AAA2746AA9F00B9F7AC /* Build configuration list for PBXNativeTarget "usket_TID" */;
			buildPhases = (
				4C758A922746AA9E00B9F7AC /* Sources */,
				4C758A932746AA9E00B9F7AC /* Frameworks */,
				4C758A942746AA9E00B9F7AC /* Resources */,
				4C05400E2756155700498E86 /* Embed Frameworks */,
			);
			buildRules = (
			);
			dependencies = (
			);
			name = usket_TID;
			packageProductDependencies = (
				4C3276452747F9FF00C0456D /* SideMenu */,
				4C3AD754274A575400EFC636 /* Realm */,
				4C3AD756274A575400EFC636 /* RealmSwift */,
				4C9EBF6C274BCE7000B922F7 /* Alamofire */,
				4C9EBF6F274BCE8D00B922F7 /* SwiftyJSON */,
				4C6086D7274E031200FCD3E4 /* JJFloatingActionButton */,
				4C489A3C2753B95700932983 /* IQKeyboardManagerSwift */,
				4C05401027566A2E00498E86 /* ALProgressView */,
				4C3975E32761DCB900078656 /* FSCalendar */,
				4CDF67A527DEE9FD006ED93C /* SnapKit */,
			);
			productName = usket_TID;
			productReference = 4C758A962746AA9E00B9F7AC /* usket_TID.app */;
			productType = "com.apple.product-type.application";
		};
/* End PBXNativeTarget section */

/* Begin PBXProject section */
		4C758A8E2746AA9E00B9F7AC /* Project object */ = {
			isa = PBXProject;
			attributes = {
				BuildIndependentTargetsInParallel = 1;
				LastSwiftUpdateCheck = 1300;
				LastUpgradeCheck = 1300;
				TargetAttributes = {
					4C758A952746AA9E00B9F7AC = {
						CreatedOnToolsVersion = 13.0;
					};
				};
			};
			buildConfigurationList = 4C758A912746AA9E00B9F7AC /* Build configuration list for PBXProject "usket_TID" */;
			compatibilityVersion = "Xcode 13.0";
			developmentRegion = en;
			hasScannedForEncodings = 0;
			knownRegions = (
				en,
				Base,
			);
			mainGroup = 4C758A8D2746AA9E00B9F7AC;
			packageReferences = (
				4C3276442747F9FF00C0456D /* XCRemoteSwiftPackageReference "SideMenu" */,
				4C3AD753274A575400EFC636 /* XCRemoteSwiftPackageReference "realm-cocoa" */,
				4C9EBF6B274BCE7000B922F7 /* XCRemoteSwiftPackageReference "Alamofire" */,
				4C9EBF6E274BCE8D00B922F7 /* XCRemoteSwiftPackageReference "SwiftyJSON" */,
				4C6086D6274E031200FCD3E4 /* XCRemoteSwiftPackageReference "JJFloatingActionButton" */,
				4C489A3B2753B95700932983 /* XCRemoteSwiftPackageReference "IQKeyboardManager" */,
				4C05400F27566A2E00498E86 /* XCRemoteSwiftPackageReference "ALProgressView" */,
				4C3975E22761DCB800078656 /* XCRemoteSwiftPackageReference "FSCalendar" */,
				4CDF67A427DEE9FD006ED93C /* XCRemoteSwiftPackageReference "SnapKit" */,
			);
			productRefGroup = 4C758A972746AA9E00B9F7AC /* Products */;
			projectDirPath = "";
			projectRoot = "";
			targets = (
				4C758A952746AA9E00B9F7AC /* usket_TID */,
			);
		};
/* End PBXProject section */

/* Begin PBXResourcesBuildPhase section */
		4C758A942746AA9E00B9F7AC /* Resources */ = {
			isa = PBXResourcesBuildPhase;
			buildActionMask = 2147483647;
			files = (
				4C18737727553D100059968B /* jonkykong:SideMenu.txt in Resources */,
				4C05401327566A6900498E86 /* alxrguz:ALProgressView.txt in Resources */,
				4C758AA62746AA9F00B9F7AC /* LaunchScreen.storyboard in Resources */,
				4C18737127553CF40059968B /* Alamofire.txt in Resources */,
				4C3276432747E13500C0456D /* Cafe24Oneprettynight.ttf in Resources */,
				4C3975EA27627CAF00078656 /* WenchaoD:FSCalendar.txt in Resources */,
				4C3AD745274A2F9800EFC636 /* WordScreen.storyboard in Resources */,
				4C18737D27553D200059968B /* SwiftyJson.txt in Resources */,
				4C18737927553D150059968B /* kciter:Floaty.txt in Resources */,
				4C3AD75B274A70B700EFC636 /* Walkthrough.storyboard in Resources */,
				4C18737327553CFB0059968B /* Font:Cafe24Oneprettynight.txt in Resources */,
				4C18737B27553D1B0059968B /* Realm.txt in Resources */,
				4C758AA32746AA9F00B9F7AC /* Assets.xcassets in Resources */,
				4C758AA12746AA9E00B9F7AC /* Main.storyboard in Resources */,
				4C18737527553D030059968B /* hackiftekhar:IQKeyboardManager.txt in Resources */,
			);
			runOnlyForDeploymentPostprocessing = 0;
		};
/* End PBXResourcesBuildPhase section */

/* Begin PBXSourcesBuildPhase section */
		4C758A922746AA9E00B9F7AC /* Sources */ = {
			isa = PBXSourcesBuildPhase;
			buildActionMask = 2147483647;
			files = (
				4CDF67A327DEE88F006ED93C /* IndicatorView.swift in Sources */,
				4C596D02274BDA1900E2DE59 /* DefineTableViewCell.swift in Sources */,
				4C6086E1274FD89900FCD3E4 /* UIView + Extension.swift in Sources */,
				4C2E5885276114B100817D50 /* CalendarViewController.swift in Sources */,
				4C3975E627625BAF00078656 /* CalendarTableViewCell.swift in Sources */,
				4C758A9E2746AA9E00B9F7AC /* MainViewController.swift in Sources */,
				4C3AD74C274A363F00EFC636 /* BasicViewController.swift in Sources */,
				4C489A3227526EF200932983 /* ShareContent.swift in Sources */,
				4C80A80427DE23AE0056EC71 /* NotiWordModel.swift in Sources */,
				4C6086E3274FE1E200FCD3E4 /* ContentViewController + Extension.swift in Sources */,
				4C3AD759274A5C4E00EFC636 /* ContactViewController.swift in Sources */,
				4C32764A2747FD5C00C0456D /* CustomSideMenuNavigation.swift in Sources */,
				4C3AD752274A36D100EFC636 /* PageViewController.swift in Sources */,
				4C3975E8276268DB00078656 /* Date + Extension.swift in Sources */,
				4C3AD743274A0A3200EFC636 /* OpenSourceViewController.swift in Sources */,
				4C489A3827528D0400932983 /* ShareMain.swift in Sources */,
				4C489A34275271EA00932983 /* UIViewController + Extension.swift in Sources */,
				4C758A9A2746AA9E00B9F7AC /* AppDelegate.swift in Sources */,
				4C811C26274CE07100F51493 /* String + Extenstion.swift in Sources */,
				4C489A3A275369A900932983 /* SharePage.swift in Sources */,
				4C3AD741274A0A0700EFC636 /* SettingViewController.swift in Sources */,
				4C811C2A274D2B2800F51493 /* MainTableViewCell.swift in Sources */,
				4C3276482747FA6D00C0456D /* SideMenuNavigationViewController.swift in Sources */,
				4C811C28274D29BF00F51493 /* MainViewController + Extension.swift in Sources */,
				4C811C24274CD48C00F51493 /* WordViewController + Extension.swift in Sources */,
				4C3AD75D274A70D700EFC636 /* FirstLoginViewController.swift in Sources */,
				4C625448274FF8970056D30F /* CALayer + Extension.swift in Sources */,
				4C758A9C2746AA9E00B9F7AC /* SceneDelegate.swift in Sources */,
				4CA51BD62757418D001B1525 /* Storage.swift in Sources */,
				4C811C2C274D3F3800F51493 /* DefineWordModel.swift in Sources */,
				4C3AD74E274A364B00EFC636 /* ContentViewController.swift in Sources */,
				4C18736C27553B450059968B /* LicenseViewController.swift in Sources */,
				4C238481274A7F4F007314BF /* UIButton + Extension.swift in Sources */,
				4C32764C27481CFD00C0456D /* WordModel.swift in Sources */,
				4C9EBF6A274BC61100B922F7 /* WordViewController.swift in Sources */,
				4C18736827552D870059968B /* OpensourceTableViewCell.swift in Sources */,
				4C3AD73F274A09EF00EFC636 /* StatisticsViewController.swift in Sources */,
				4C489A36275280F600932983 /* TextField + Extension.swift in Sources */,
			);
			runOnlyForDeploymentPostprocessing = 0;
		};
/* End PBXSourcesBuildPhase section */

/* Begin PBXVariantGroup section */
		4C758A9F2746AA9E00B9F7AC /* Main.storyboard */ = {
			isa = PBXVariantGroup;
			children = (
				4C758AA02746AA9E00B9F7AC /* Base */,
			);
			name = Main.storyboard;
			sourceTree = "<group>";
		};
		4C758AA42746AA9F00B9F7AC /* LaunchScreen.storyboard */ = {
			isa = PBXVariantGroup;
			children = (
				4C758AA52746AA9F00B9F7AC /* Base */,
			);
			name = LaunchScreen.storyboard;
			sourceTree = "<group>";
		};
/* End PBXVariantGroup section */

/* Begin XCBuildConfiguration section */
		4C758AA82746AA9F00B9F7AC /* Debug */ = {
			isa = XCBuildConfiguration;
			buildSettings = {
				ALWAYS_SEARCH_USER_PATHS = NO;
				CLANG_ANALYZER_LOCALIZABILITY_NONLOCALIZED = YES;
				CLANG_ANALYZER_NONNULL = YES;
				CLANG_ANALYZER_NUMBER_OBJECT_CONVERSION = YES_AGGRESSIVE;
				CLANG_CXX_LANGUAGE_STANDARD = "gnu++17";
				CLANG_CXX_LIBRARY = "libc++";
				CLANG_ENABLE_MODULES = YES;
				CLANG_ENABLE_OBJC_ARC = YES;
				CLANG_ENABLE_OBJC_WEAK = YES;
				CLANG_WARN_BLOCK_CAPTURE_AUTORELEASING = YES;
				CLANG_WARN_BOOL_CONVERSION = YES;
				CLANG_WARN_COMMA = YES;
				CLANG_WARN_CONSTANT_CONVERSION = YES;
				CLANG_WARN_DEPRECATED_OBJC_IMPLEMENTATIONS = YES;
				CLANG_WARN_DIRECT_OBJC_ISA_USAGE = YES_ERROR;
				CLANG_WARN_DOCUMENTATION_COMMENTS = YES;
				CLANG_WARN_EMPTY_BODY = YES;
				CLANG_WARN_ENUM_CONVERSION = YES;
				CLANG_WARN_INFINITE_RECURSION = YES;
				CLANG_WARN_INT_CONVERSION = YES;
				CLANG_WARN_NON_LITERAL_NULL_CONVERSION = YES;
				CLANG_WARN_OBJC_IMPLICIT_RETAIN_SELF = YES;
				CLANG_WARN_OBJC_LITERAL_CONVERSION = YES;
				CLANG_WARN_OBJC_ROOT_CLASS = YES_ERROR;
				CLANG_WARN_QUOTED_INCLUDE_IN_FRAMEWORK_HEADER = YES;
				CLANG_WARN_RANGE_LOOP_ANALYSIS = YES;
				CLANG_WARN_STRICT_PROTOTYPES = YES;
				CLANG_WARN_SUSPICIOUS_MOVE = YES;
				CLANG_WARN_UNGUARDED_AVAILABILITY = YES_AGGRESSIVE;
				CLANG_WARN_UNREACHABLE_CODE = YES;
				CLANG_WARN__DUPLICATE_METHOD_MATCH = YES;
				COPY_PHASE_STRIP = NO;
				DEBUG_INFORMATION_FORMAT = dwarf;
				ENABLE_STRICT_OBJC_MSGSEND = YES;
				ENABLE_TESTABILITY = YES;
				GCC_C_LANGUAGE_STANDARD = gnu11;
				GCC_DYNAMIC_NO_PIC = NO;
				GCC_NO_COMMON_BLOCKS = YES;
				GCC_OPTIMIZATION_LEVEL = 0;
				GCC_PREPROCESSOR_DEFINITIONS = (
					"DEBUG=1",
					"$(inherited)",
				);
				GCC_WARN_64_TO_32_BIT_CONVERSION = YES;
				GCC_WARN_ABOUT_RETURN_TYPE = YES_ERROR;
				GCC_WARN_UNDECLARED_SELECTOR = YES;
				GCC_WARN_UNINITIALIZED_AUTOS = YES_AGGRESSIVE;
				GCC_WARN_UNUSED_FUNCTION = YES;
				GCC_WARN_UNUSED_VARIABLE = YES;
				INFOPLIST_KEY_UILaunchStoryboardName = "";
				IPHONEOS_DEPLOYMENT_TARGET = 14.0;
				MTL_ENABLE_DEBUG_INFO = INCLUDE_SOURCE;
				MTL_FAST_MATH = YES;
				ONLY_ACTIVE_ARCH = YES;
				SDKROOT = iphoneos;
				SWIFT_ACTIVE_COMPILATION_CONDITIONS = DEBUG;
				SWIFT_OPTIMIZATION_LEVEL = "-Onone";
			};
			name = Debug;
		};
		4C758AA92746AA9F00B9F7AC /* Release */ = {
			isa = XCBuildConfiguration;
			buildSettings = {
				ALWAYS_SEARCH_USER_PATHS = NO;
				CLANG_ANALYZER_LOCALIZABILITY_NONLOCALIZED = YES;
				CLANG_ANALYZER_NONNULL = YES;
				CLANG_ANALYZER_NUMBER_OBJECT_CONVERSION = YES_AGGRESSIVE;
				CLANG_CXX_LANGUAGE_STANDARD = "gnu++17";
				CLANG_CXX_LIBRARY = "libc++";
				CLANG_ENABLE_MODULES = YES;
				CLANG_ENABLE_OBJC_ARC = YES;
				CLANG_ENABLE_OBJC_WEAK = YES;
				CLANG_WARN_BLOCK_CAPTURE_AUTORELEASING = YES;
				CLANG_WARN_BOOL_CONVERSION = YES;
				CLANG_WARN_COMMA = YES;
				CLANG_WARN_CONSTANT_CONVERSION = YES;
				CLANG_WARN_DEPRECATED_OBJC_IMPLEMENTATIONS = YES;
				CLANG_WARN_DIRECT_OBJC_ISA_USAGE = YES_ERROR;
				CLANG_WARN_DOCUMENTATION_COMMENTS = YES;
				CLANG_WARN_EMPTY_BODY = YES;
				CLANG_WARN_ENUM_CONVERSION = YES;
				CLANG_WARN_INFINITE_RECURSION = YES;
				CLANG_WARN_INT_CONVERSION = YES;
				CLANG_WARN_NON_LITERAL_NULL_CONVERSION = YES;
				CLANG_WARN_OBJC_IMPLICIT_RETAIN_SELF = YES;
				CLANG_WARN_OBJC_LITERAL_CONVERSION = YES;
				CLANG_WARN_OBJC_ROOT_CLASS = YES_ERROR;
				CLANG_WARN_QUOTED_INCLUDE_IN_FRAMEWORK_HEADER = YES;
				CLANG_WARN_RANGE_LOOP_ANALYSIS = YES;
				CLANG_WARN_STRICT_PROTOTYPES = YES;
				CLANG_WARN_SUSPICIOUS_MOVE = YES;
				CLANG_WARN_UNGUARDED_AVAILABILITY = YES_AGGRESSIVE;
				CLANG_WARN_UNREACHABLE_CODE = YES;
				CLANG_WARN__DUPLICATE_METHOD_MATCH = YES;
				COPY_PHASE_STRIP = NO;
				DEBUG_INFORMATION_FORMAT = "dwarf-with-dsym";
				ENABLE_NS_ASSERTIONS = NO;
				ENABLE_STRICT_OBJC_MSGSEND = YES;
				GCC_C_LANGUAGE_STANDARD = gnu11;
				GCC_NO_COMMON_BLOCKS = YES;
				GCC_WARN_64_TO_32_BIT_CONVERSION = YES;
				GCC_WARN_ABOUT_RETURN_TYPE = YES_ERROR;
				GCC_WARN_UNDECLARED_SELECTOR = YES;
				GCC_WARN_UNINITIALIZED_AUTOS = YES_AGGRESSIVE;
				GCC_WARN_UNUSED_FUNCTION = YES;
				GCC_WARN_UNUSED_VARIABLE = YES;
				INFOPLIST_KEY_UILaunchStoryboardName = "";
				IPHONEOS_DEPLOYMENT_TARGET = 14.0;
				MTL_ENABLE_DEBUG_INFO = NO;
				MTL_FAST_MATH = YES;
				SDKROOT = iphoneos;
				SWIFT_COMPILATION_MODE = wholemodule;
				SWIFT_OPTIMIZATION_LEVEL = "-O";
				VALIDATE_PRODUCT = YES;
			};
			name = Release;
		};
		4C758AAB2746AA9F00B9F7AC /* Debug */ = {
			isa = XCBuildConfiguration;
			buildSettings = {
				ASSETCATALOG_COMPILER_APPICON_NAME = AppIcon;
				ASSETCATALOG_COMPILER_GLOBAL_ACCENT_COLOR_NAME = AccentColor;
				CODE_SIGN_STYLE = Automatic;
				CURRENT_PROJECT_VERSION = 4;
				DEVELOPMENT_TEAM = 46QF7GBZH7;
				GENERATE_INFOPLIST_FILE = YES;
				INFOPLIST_FILE = usket_TID/Info.plist;
				INFOPLIST_KEY_CFBundleDisplayName = "Today I define";
				INFOPLIST_KEY_UIApplicationSupportsIndirectInputEvents = YES;
				INFOPLIST_KEY_UILaunchStoryboardName = LaunchScreen;
				INFOPLIST_KEY_UIMainStoryboardFile = Main;
				INFOPLIST_KEY_UISupportedInterfaceOrientations = "";
				INFOPLIST_KEY_UISupportedInterfaceOrientations_iPad = "UIInterfaceOrientationPortrait UIInterfaceOrientationPortraitUpsideDown UIInterfaceOrientationLandscapeLeft UIInterfaceOrientationLandscapeRight";
				INFOPLIST_KEY_UISupportedInterfaceOrientations_iPhone = "UIInterfaceOrientationPortrait UIInterfaceOrientationLandscapeLeft UIInterfaceOrientationLandscapeRight";
				INFOPLIST_KEY_UIUserInterfaceStyle = Light;
				IPHONEOS_DEPLOYMENT_TARGET = 15.0;
				LD_RUNPATH_SEARCH_PATHS = (
					"$(inherited)",
					"@executable_path/Frameworks",
				);
				MARKETING_VERSION = 2.03;
				PRODUCT_BUNDLE_IDENTIFIER = "usKet.usket-TID";
				PRODUCT_NAME = "$(TARGET_NAME)";
				SWIFT_EMIT_LOC_STRINGS = YES;
				SWIFT_VERSION = 5.0;
				TARGETED_DEVICE_FAMILY = 1;
			};
			name = Debug;
		};
		4C758AAC2746AA9F00B9F7AC /* Release */ = {
			isa = XCBuildConfiguration;
			buildSettings = {
				ASSETCATALOG_COMPILER_APPICON_NAME = AppIcon;
				ASSETCATALOG_COMPILER_GLOBAL_ACCENT_COLOR_NAME = AccentColor;
				CODE_SIGN_STYLE = Automatic;
				CURRENT_PROJECT_VERSION = 4;
				DEVELOPMENT_TEAM = 46QF7GBZH7;
				GENERATE_INFOPLIST_FILE = YES;
				INFOPLIST_FILE = usket_TID/Info.plist;
				INFOPLIST_KEY_CFBundleDisplayName = "Today I define";
				INFOPLIST_KEY_UIApplicationSupportsIndirectInputEvents = YES;
				INFOPLIST_KEY_UILaunchStoryboardName = LaunchScreen;
				INFOPLIST_KEY_UIMainStoryboardFile = Main;
				INFOPLIST_KEY_UISupportedInterfaceOrientations = "";
				INFOPLIST_KEY_UISupportedInterfaceOrientations_iPad = "UIInterfaceOrientationPortrait UIInterfaceOrientationPortraitUpsideDown UIInterfaceOrientationLandscapeLeft UIInterfaceOrientationLandscapeRight";
				INFOPLIST_KEY_UISupportedInterfaceOrientations_iPhone = "UIInterfaceOrientationPortrait UIInterfaceOrientationLandscapeLeft UIInterfaceOrientationLandscapeRight";
				INFOPLIST_KEY_UIUserInterfaceStyle = Light;
				IPHONEOS_DEPLOYMENT_TARGET = 15.0;
				LD_RUNPATH_SEARCH_PATHS = (
					"$(inherited)",
					"@executable_path/Frameworks",
				);
				MARKETING_VERSION = 2.03;
				PRODUCT_BUNDLE_IDENTIFIER = "usKet.usket-TID";
				PRODUCT_NAME = "$(TARGET_NAME)";
				SWIFT_EMIT_LOC_STRINGS = YES;
				SWIFT_VERSION = 5.0;
				TARGETED_DEVICE_FAMILY = 1;
			};
			name = Release;
		};
/* End XCBuildConfiguration section */

/* Begin XCConfigurationList section */
		4C758A912746AA9E00B9F7AC /* Build configuration list for PBXProject "usket_TID" */ = {
			isa = XCConfigurationList;
			buildConfigurations = (
				4C758AA82746AA9F00B9F7AC /* Debug */,
				4C758AA92746AA9F00B9F7AC /* Release */,
			);
			defaultConfigurationIsVisible = 0;
			defaultConfigurationName = Release;
		};
		4C758AAA2746AA9F00B9F7AC /* Build configuration list for PBXNativeTarget "usket_TID" */ = {
			isa = XCConfigurationList;
			buildConfigurations = (
				4C758AAB2746AA9F00B9F7AC /* Debug */,
				4C758AAC2746AA9F00B9F7AC /* Release */,
			);
			defaultConfigurationIsVisible = 0;
			defaultConfigurationName = Release;
		};
/* End XCConfigurationList section */

/* Begin XCRemoteSwiftPackageReference section */
		4C05400F27566A2E00498E86 /* XCRemoteSwiftPackageReference "ALProgressView" */ = {
			isa = XCRemoteSwiftPackageReference;
			repositoryURL = "https://github.com/alxrguz/ALProgressView";
			requirement = {
				kind = upToNextMajorVersion;
				minimumVersion = 2.0.0;
			};
		};
		4C3276442747F9FF00C0456D /* XCRemoteSwiftPackageReference "SideMenu" */ = {
			isa = XCRemoteSwiftPackageReference;
			repositoryURL = "https://github.com/jonkykong/SideMenu";
			requirement = {
				kind = upToNextMajorVersion;
				minimumVersion = 6.0.0;
			};
		};
		4C3975E22761DCB800078656 /* XCRemoteSwiftPackageReference "FSCalendar" */ = {
			isa = XCRemoteSwiftPackageReference;
			repositoryURL = "https://github.com/WenchaoD/FSCalendar";
			requirement = {
				kind = exactVersion;
				version = 2.8.2;
			};
		};
		4C3AD753274A575400EFC636 /* XCRemoteSwiftPackageReference "realm-cocoa" */ = {
			isa = XCRemoteSwiftPackageReference;
			repositoryURL = "https://github.com/realm/realm-cocoa.git";
			requirement = {
				kind = exactVersion;
				version = 10.18.0;
			};
		};
		4C489A3B2753B95700932983 /* XCRemoteSwiftPackageReference "IQKeyboardManager" */ = {
			isa = XCRemoteSwiftPackageReference;
			repositoryURL = "https://github.com/hackiftekhar/IQKeyboardManager";
			requirement = {
				kind = upToNextMajorVersion;
				minimumVersion = 6.0.0;
			};
		};
		4C6086D6274E031200FCD3E4 /* XCRemoteSwiftPackageReference "JJFloatingActionButton" */ = {
			isa = XCRemoteSwiftPackageReference;
			repositoryURL = "https://github.com/jjochen/JJFloatingActionButton";
			requirement = {
				kind = exactVersion;
				version = 2.5.0;
			};
		};
		4C9EBF6B274BCE7000B922F7 /* XCRemoteSwiftPackageReference "Alamofire" */ = {
			isa = XCRemoteSwiftPackageReference;
			repositoryURL = "https://github.com/Alamofire/Alamofire";
			requirement = {
				kind = upToNextMajorVersion;
				minimumVersion = 5.4.0;
			};
		};
		4C9EBF6E274BCE8D00B922F7 /* XCRemoteSwiftPackageReference "SwiftyJSON" */ = {
			isa = XCRemoteSwiftPackageReference;
			repositoryURL = "https://github.com/SwiftyJSON/SwiftyJSON";
			requirement = {
				kind = exactVersion;
				version = 5.0.0;
			};
		};
		4CDF67A427DEE9FD006ED93C /* XCRemoteSwiftPackageReference "SnapKit" */ = {
			isa = XCRemoteSwiftPackageReference;
			repositoryURL = "https://github.com/SnapKit/SnapKit";
			requirement = {
				kind = upToNextMajorVersion;
				minimumVersion = 5.0.0;
			};
		};
/* End XCRemoteSwiftPackageReference section */

/* Begin XCSwiftPackageProductDependency section */
		4C05401027566A2E00498E86 /* ALProgressView */ = {
			isa = XCSwiftPackageProductDependency;
			package = 4C05400F27566A2E00498E86 /* XCRemoteSwiftPackageReference "ALProgressView" */;
			productName = ALProgressView;
		};
		4C3276452747F9FF00C0456D /* SideMenu */ = {
			isa = XCSwiftPackageProductDependency;
			package = 4C3276442747F9FF00C0456D /* XCRemoteSwiftPackageReference "SideMenu" */;
			productName = SideMenu;
		};
		4C3975E32761DCB900078656 /* FSCalendar */ = {
			isa = XCSwiftPackageProductDependency;
			package = 4C3975E22761DCB800078656 /* XCRemoteSwiftPackageReference "FSCalendar" */;
			productName = FSCalendar;
		};
		4C3AD754274A575400EFC636 /* Realm */ = {
			isa = XCSwiftPackageProductDependency;
			package = 4C3AD753274A575400EFC636 /* XCRemoteSwiftPackageReference "realm-cocoa" */;
			productName = Realm;
		};
		4C3AD756274A575400EFC636 /* RealmSwift */ = {
			isa = XCSwiftPackageProductDependency;
			package = 4C3AD753274A575400EFC636 /* XCRemoteSwiftPackageReference "realm-cocoa" */;
			productName = RealmSwift;
		};
		4C489A3C2753B95700932983 /* IQKeyboardManagerSwift */ = {
			isa = XCSwiftPackageProductDependency;
			package = 4C489A3B2753B95700932983 /* XCRemoteSwiftPackageReference "IQKeyboardManager" */;
			productName = IQKeyboardManagerSwift;
		};
		4C6086D7274E031200FCD3E4 /* JJFloatingActionButton */ = {
			isa = XCSwiftPackageProductDependency;
			package = 4C6086D6274E031200FCD3E4 /* XCRemoteSwiftPackageReference "JJFloatingActionButton" */;
			productName = JJFloatingActionButton;
		};
		4C9EBF6C274BCE7000B922F7 /* Alamofire */ = {
			isa = XCSwiftPackageProductDependency;
			package = 4C9EBF6B274BCE7000B922F7 /* XCRemoteSwiftPackageReference "Alamofire" */;
			productName = Alamofire;
		};
		4C9EBF6F274BCE8D00B922F7 /* SwiftyJSON */ = {
			isa = XCSwiftPackageProductDependency;
			package = 4C9EBF6E274BCE8D00B922F7 /* XCRemoteSwiftPackageReference "SwiftyJSON" */;
			productName = SwiftyJSON;
		};
		4CDF67A527DEE9FD006ED93C /* SnapKit */ = {
			isa = XCSwiftPackageProductDependency;
			package = 4CDF67A427DEE9FD006ED93C /* XCRemoteSwiftPackageReference "SnapKit" */;
			productName = SnapKit;
		};
/* End XCSwiftPackageProductDependency section */
	};
	rootObject = 4C758A8E2746AA9E00B9F7AC /* Project object */;
}
